
Microsoft Visual Studio Solution File, Format Version 12.00
# Visual Studio 15
VisualStudioVersion = 15.0.26124.0
MinimumVisualStudioVersion = 15.0.26124.0
Project("{F2A71F9B-5D33-465A-A702-920D77279786}") = "NCoreUtils.FSharp", "NCoreUtils.FSharp\NCoreUtils.FSharp.fsproj", "{FFB95452-F21B-418D-AA61-D57B4876710C}"
EndProject
Project("{F2A71F9B-5D33-465A-A702-920D77279786}") = "NCoreUtils.FSharp.Linq", "NCoreUtils.FSharp.Linq\NCoreUtils.FSharp.Linq.fsproj", "{A438CD7B-C703-44DE-AB49-0DCC9BE9EEE6}"
EndProject
Project("{F2A71F9B-5D33-465A-A702-920D77279786}") = "NCoreUtils.FSharp.Data", "NCoreUtils.FSharp.Data\NCoreUtils.FSharp.Data.fsproj", "{08B6D054-7550-4DF8-9995-5B4F80D41F1D}"
EndProject
Project("{F2A71F9B-5D33-465A-A702-920D77279786}") = "NCoreUtils.Debug", "NCoreUtils.Debug\NCoreUtils.Debug.fsproj", "{32EB6648-550B-4502-8DDC-954D24A4F9B5}"
EndProject
Project("{F2A71F9B-5D33-465A-A702-920D77279786}") = "NCoreUtils.FSharp.AspNetCore", "NCoreUtils.FSharp.AspNetCore\NCoreUtils.FSharp.AspNetCore.fsproj", "{FC8C3AFE-252B-4C9F-8B8C-372B6506B86B}"
EndProject
Project("{F2A71F9B-5D33-465A-A702-920D77279786}") = "NCoreUtils.FSharp.DependencyInjection", "NCoreUtils.FSharp.DependencyInjection\NCoreUtils.FSharp.DependencyInjection.fsproj", "{B1361857-544F-476B-8607-30C6EBD24439}"
EndProject
Project("{F2A71F9B-5D33-465A-A702-920D77279786}") = "NCoreUtils.FSharp.Unit.DependencyInjection", "NCoreUtils.FSharp.Unit.DependencyInjection\NCoreUtils.FSharp.Unit.DependencyInjection.fsproj", "{0EF5A693-293B-4B31-BED5-0562D5095BD4}"
EndProject
Global
	GlobalSection(SolutionConfigurationPlatforms) = preSolution
		Debug|Any CPU = Debug|Any CPU
		Debug|x64 = Debug|x64
		Debug|x86 = Debug|x86
		Release|Any CPU = Release|Any CPU
		Release|x64 = Release|x64
		Release|x86 = Release|x86
	EndGlobalSection
	GlobalSection(SolutionProperties) = preSolution
		HideSolutionNode = FALSE
	EndGlobalSection
	GlobalSection(ProjectConfigurationPlatforms) = postSolution
		{FFB95452-F21B-418D-AA61-D57B4876710C}.Debug|Any CPU.ActiveCfg = Debug|Any CPU
		{FFB95452-F21B-418D-AA61-D57B4876710C}.Debug|Any CPU.Build.0 = Debug|Any CPU
		{FFB95452-F21B-418D-AA61-D57B4876710C}.Debug|x64.ActiveCfg = Debug|x64
		{FFB95452-F21B-418D-AA61-D57B4876710C}.Debug|x64.Build.0 = Debug|x64
		{FFB95452-F21B-418D-AA61-D57B4876710C}.Debug|x86.ActiveCfg = Debug|x86
		{FFB95452-F21B-418D-AA61-D57B4876710C}.Debug|x86.Build.0 = Debug|x86
		{FFB95452-F21B-418D-AA61-D57B4876710C}.Release|Any CPU.ActiveCfg = Release|Any CPU
		{FFB95452-F21B-418D-AA61-D57B4876710C}.Release|Any CPU.Build.0 = Release|Any CPU
		{FFB95452-F21B-418D-AA61-D57B4876710C}.Release|x64.ActiveCfg = Release|x64
		{FFB95452-F21B-418D-AA61-D57B4876710C}.Release|x64.Build.0 = Release|x64
		{FFB95452-F21B-418D-AA61-D57B4876710C}.Release|x86.ActiveCfg = Release|x86
		{FFB95452-F21B-418D-AA61-D57B4876710C}.Release|x86.Build.0 = Release|x86
		{A438CD7B-C703-44DE-AB49-0DCC9BE9EEE6}.Debug|Any CPU.ActiveCfg = Debug|Any CPU
		{A438CD7B-C703-44DE-AB49-0DCC9BE9EEE6}.Debug|Any CPU.Build.0 = Debug|Any CPU
		{A438CD7B-C703-44DE-AB49-0DCC9BE9EEE6}.Debug|x64.ActiveCfg = Debug|x64
		{A438CD7B-C703-44DE-AB49-0DCC9BE9EEE6}.Debug|x64.Build.0 = Debug|x64
		{A438CD7B-C703-44DE-AB49-0DCC9BE9EEE6}.Debug|x86.ActiveCfg = Debug|x86
		{A438CD7B-C703-44DE-AB49-0DCC9BE9EEE6}.Debug|x86.Build.0 = Debug|x86
		{A438CD7B-C703-44DE-AB49-0DCC9BE9EEE6}.Release|Any CPU.ActiveCfg = Release|Any CPU
		{A438CD7B-C703-44DE-AB49-0DCC9BE9EEE6}.Release|Any CPU.Build.0 = Release|Any CPU
		{A438CD7B-C703-44DE-AB49-0DCC9BE9EEE6}.Release|x64.ActiveCfg = Release|x64
		{A438CD7B-C703-44DE-AB49-0DCC9BE9EEE6}.Release|x64.Build.0 = Release|x64
		{A438CD7B-C703-44DE-AB49-0DCC9BE9EEE6}.Release|x86.ActiveCfg = Release|x86
		{A438CD7B-C703-44DE-AB49-0DCC9BE9EEE6}.Release|x86.Build.0 = Release|x86
		{08B6D054-7550-4DF8-9995-5B4F80D41F1D}.Debug|Any CPU.ActiveCfg = Debug|Any CPU
		{08B6D054-7550-4DF8-9995-5B4F80D41F1D}.Debug|Any CPU.Build.0 = Debug|Any CPU
		{08B6D054-7550-4DF8-9995-5B4F80D41F1D}.Debug|x64.ActiveCfg = Debug|x64
		{08B6D054-7550-4DF8-9995-5B4F80D41F1D}.Debug|x64.Build.0 = Debug|x64
		{08B6D054-7550-4DF8-9995-5B4F80D41F1D}.Debug|x86.ActiveCfg = Debug|x86
		{08B6D054-7550-4DF8-9995-5B4F80D41F1D}.Debug|x86.Build.0 = Debug|x86
		{08B6D054-7550-4DF8-9995-5B4F80D41F1D}.Release|Any CPU.ActiveCfg = Release|Any CPU
		{08B6D054-7550-4DF8-9995-5B4F80D41F1D}.Release|Any CPU.Build.0 = Release|Any CPU
		{08B6D054-7550-4DF8-9995-5B4F80D41F1D}.Release|x64.ActiveCfg = Release|x64
		{08B6D054-7550-4DF8-9995-5B4F80D41F1D}.Release|x64.Build.0 = Release|x64
		{08B6D054-7550-4DF8-9995-5B4F80D41F1D}.Release|x86.ActiveCfg = Release|x86
		{08B6D054-7550-4DF8-9995-5B4F80D41F1D}.Release|x86.Build.0 = Release|x86
		{32EB6648-550B-4502-8DDC-954D24A4F9B5}.Debug|Any CPU.ActiveCfg = Debug|Any CPU
		{32EB6648-550B-4502-8DDC-954D24A4F9B5}.Debug|Any CPU.Build.0 = Debug|Any CPU
		{32EB6648-550B-4502-8DDC-954D24A4F9B5}.Debug|x64.ActiveCfg = Debug|x64
		{32EB6648-550B-4502-8DDC-954D24A4F9B5}.Debug|x64.Build.0 = Debug|x64
		{32EB6648-550B-4502-8DDC-954D24A4F9B5}.Debug|x86.ActiveCfg = Debug|x86
		{32EB6648-550B-4502-8DDC-954D24A4F9B5}.Debug|x86.Build.0 = Debug|x86
		{32EB6648-550B-4502-8DDC-954D24A4F9B5}.Release|Any CPU.ActiveCfg = Release|Any CPU
		{32EB6648-550B-4502-8DDC-954D24A4F9B5}.Release|Any CPU.Build.0 = Release|Any CPU
		{32EB6648-550B-4502-8DDC-954D24A4F9B5}.Release|x64.ActiveCfg = Release|x64
		{32EB6648-550B-4502-8DDC-954D24A4F9B5}.Release|x64.Build.0 = Release|x64
		{32EB6648-550B-4502-8DDC-954D24A4F9B5}.Release|x86.ActiveCfg = Release|x86
		{32EB6648-550B-4502-8DDC-954D24A4F9B5}.Release|x86.Build.0 = Release|x86
		{FC8C3AFE-252B-4C9F-8B8C-372B6506B86B}.Debug|Any CPU.ActiveCfg = Debug|Any CPU
		{FC8C3AFE-252B-4C9F-8B8C-372B6506B86B}.Debug|Any CPU.Build.0 = Debug|Any CPU
		{FC8C3AFE-252B-4C9F-8B8C-372B6506B86B}.Debug|x64.ActiveCfg = Debug|x64
		{FC8C3AFE-252B-4C9F-8B8C-372B6506B86B}.Debug|x64.Build.0 = Debug|x64
		{FC8C3AFE-252B-4C9F-8B8C-372B6506B86B}.Debug|x86.ActiveCfg = Debug|x86
		{FC8C3AFE-252B-4C9F-8B8C-372B6506B86B}.Debug|x86.Build.0 = Debug|x86
		{FC8C3AFE-252B-4C9F-8B8C-372B6506B86B}.Release|Any CPU.ActiveCfg = Release|Any CPU
		{FC8C3AFE-252B-4C9F-8B8C-372B6506B86B}.Release|Any CPU.Build.0 = Release|Any CPU
		{FC8C3AFE-252B-4C9F-8B8C-372B6506B86B}.Release|x64.ActiveCfg = Release|x64
		{FC8C3AFE-252B-4C9F-8B8C-372B6506B86B}.Release|x64.Build.0 = Release|x64
		{FC8C3AFE-252B-4C9F-8B8C-372B6506B86B}.Release|x86.ActiveCfg = Release|x86
		{FC8C3AFE-252B-4C9F-8B8C-372B6506B86B}.Release|x86.Build.0 = Release|x86
		{B1361857-544F-476B-8607-30C6EBD24439}.Debug|Any CPU.ActiveCfg = Debug|Any CPU
		{B1361857-544F-476B-8607-30C6EBD24439}.Debug|Any CPU.Build.0 = Debug|Any CPU
		{B1361857-544F-476B-8607-30C6EBD24439}.Debug|x64.ActiveCfg = Debug|x64
		{B1361857-544F-476B-8607-30C6EBD24439}.Debug|x64.Build.0 = Debug|x64
		{B1361857-544F-476B-8607-30C6EBD24439}.Debug|x86.ActiveCfg = Debug|x86
		{B1361857-544F-476B-8607-30C6EBD24439}.Debug|x86.Build.0 = Debug|x86
		{B1361857-544F-476B-8607-30C6EBD24439}.Release|Any CPU.ActiveCfg = Release|Any CPU
		{B1361857-544F-476B-8607-30C6EBD24439}.Release|Any CPU.Build.0 = Release|Any CPU
		{B1361857-544F-476B-8607-30C6EBD24439}.Release|x64.ActiveCfg = Release|x64
		{B1361857-544F-476B-8607-30C6EBD24439}.Release|x64.Build.0 = Release|x64
		{B1361857-544F-476B-8607-30C6EBD24439}.Release|x86.ActiveCfg = Release|x86
		{B1361857-544F-476B-8607-30C6EBD24439}.Release|x86.Build.0 = Release|x86
		{0EF5A693-293B-4B31-BED5-0562D5095BD4}.Debug|Any CPU.ActiveCfg = Debug|Any CPU
		{0EF5A693-293B-4B31-BED5-0562D5095BD4}.Debug|Any CPU.Build.0 = Debug|Any CPU
		{0EF5A693-293B-4B31-BED5-0562D5095BD4}.Debug|x64.ActiveCfg = Debug|x64
		{0EF5A693-293B-4B31-BED5-0562D5095BD4}.Debug|x64.Build.0 = Debug|x64
		{0EF5A693-293B-4B31-BED5-0562D5095BD4}.Debug|x86.ActiveCfg = Debug|x86
		{0EF5A693-293B-4B31-BED5-0562D5095BD4}.Debug|x86.Build.0 = Debug|x86
		{0EF5A693-293B-4B31-BED5-0562D5095BD4}.Release|Any CPU.ActiveCfg = Release|Any CPU
		{0EF5A693-293B-4B31-BED5-0562D5095BD4}.Release|Any CPU.Build.0 = Release|Any CPU
		{0EF5A693-293B-4B31-BED5-0562D5095BD4}.Release|x64.ActiveCfg = Release|x64
		{0EF5A693-293B-4B31-BED5-0562D5095BD4}.Release|x64.Build.0 = Release|x64
		{0EF5A693-293B-4B31-BED5-0562D5095BD4}.Release|x86.ActiveCfg = Release|x86
		{0EF5A693-293B-4B31-BED5-0562D5095BD4}.Release|x86.Build.0 = Release|x86
	EndGlobalSection
EndGlobal
